Microsoft Visual Studio Solution File, Format Version 12.00
# Visual Studio Version 17
VisualStudioVersion = 17.5.2.0
MinimumVisualStudioVersion = 10.0.40219.1
Project("{FAE04EC0-301F-11D3-BF4B-00C04F79EFBC}") = "GameScore", "GameScore\GameScore.csproj", "{01EB1A28-8946-A9F0-58C7-A0E7DBFC2D76}"
EndProject
Global
	GlobalSection(SolutionConfigurationPlatforms) = preSolution
		Debug|Any CPU = Debug|Any CPU
		Release|Any CPU = Release|Any CPU
	EndGlobalSection
	GlobalSection(ProjectConfigurationPlatforms) = postSolution
		{01EB1A28-8946-A9F0-58C7-A0E7DBFC2D76}.Debug|Any CPU.ActiveCfg = Debug|Any CPU
		{01EB1A28-8946-A9F0-58C7-A0E7DBFC2D76}.Debug|Any CPU.Build.0 = Debug|Any CPU
		{01EB1A28-8946-A9F0-58C7-A0E7DBFC2D76}.Release|Any CPU.ActiveCfg = Release|Any CPU
		{01EB1A28-8946-A9F0-58C7-A0E7DBFC2D76}.Release|Any CPU.Build.0 = Release|Any CPU
	EndGlobalSection
	GlobalSection(SolutionProperties) = preSolution
		HideSolutionNode = FALSE
	EndGlobalSection
	GlobalSection(ExtensibilityGlobals) = postSolution
		SolutionGuid = {7379B20D-74FF-4915-8B56-3D23AA236A9D}
	EndGlobalSection
EndGlobal
