Microsoft Visual Studio Solution File, Format Version 12.00
# Visual Studio Version 17
VisualStudioVersion = 17.5.2.0
MinimumVisualStudioVersion = 10.0.40219.1
Project("{FAE04EC0-301F-11D3-BF4B-00C04F79EFBC}") = "FinancialForecasting", "FinancialForecasting\FinancialForecasting.csproj", "{4896E367-48F5-A58C-D97E-23122796CCC9}"
EndProject
Global
	GlobalSection(SolutionConfigurationPlatforms) = preSolution
		Debug|Any CPU = Debug|Any CPU
		Release|Any CPU = Release|Any CPU
	EndGlobalSection
	GlobalSection(ProjectConfigurationPlatforms) = postSolution
		{4896E367-48F5-A58C-D97E-23122796CCC9}.Debug|Any CPU.ActiveCfg = Debug|Any CPU
		{4896E367-48F5-A58C-D97E-23122796CCC9}.Debug|Any CPU.Build.0 = Debug|Any CPU
		{4896E367-48F5-A58C-D97E-23122796CCC9}.Release|Any CPU.ActiveCfg = Release|Any CPU
		{4896E367-48F5-A58C-D97E-23122796CCC9}.Release|Any CPU.Build.0 = Release|Any CPU
	EndGlobalSection
	GlobalSection(SolutionProperties) = preSolution
		HideSolutionNode = FALSE
	EndGlobalSection
	GlobalSection(ExtensibilityGlobals) = postSolution
		SolutionGuid = {E1206508-76B6-4800-9B5E-57517B74C331}
	EndGlobalSection
EndGlobal
